
Microsoft Visual Studio Solution File, Format Version 12.00
# Visual Studio Version 16
VisualStudioVersion = 16.0.29709.97
MinimumVisualStudioVersion = 10.0.40219.1
Project("{FAE04EC0-301F-11D3-BF4B-00C04F79EFBC}") = "prac2-upr2", "prac2-upr2\prac2-upr2.csproj", "{68D55A2C-6F79-434D-8990-921D43696386}"
EndProject
Global
	GlobalSection(SolutionConfigurationPlatforms) = preSolution
		Debug|Any CPU = Debug|Any CPU
		Release|Any CPU = Release|Any CPU
	EndGlobalSection
	GlobalSection(ProjectConfigurationPlatforms) = postSolution
		{68D55A2C-6F79-434D-8990-921D43696386}.Debug|Any CPU.ActiveCfg = Debug|Any CPU
		{68D55A2C-6F79-434D-8990-921D43696386}.Debug|Any CPU.Build.0 = Debug|Any CPU
		{68D55A2C-6F79-434D-8990-921D43696386}.Release|Any CPU.ActiveCfg = Release|Any CPU
		{68D55A2C-6F79-434D-8990-921D43696386}.Release|Any CPU.Build.0 = Release|Any CPU
	EndGlobalSection
	GlobalSection(SolutionProperties) = preSolution
		HideSolutionNode = FALSE
	EndGlobalSection
	GlobalSection(ExtensibilityGlobals) = postSolution
		SolutionGuid = {885C2553-849F-4901-A238-1DA48BA69C5A}
	EndGlobalSection
EndGlobal
